{
  "name": "Editor",
  "version": "1.0.0",
  "lockfileVersion": 1,
  "requires": true,
  "dependencies": {
    "sketch-n-sketch": {
      "version": "1.0.17",
      "resolved": "https://registry.npmjs.org/sketch-n-sketch/-/sketch-n-sketch-1.0.17.tgz",
      "integrity": "sha512-08vB819BqPzJS5pSKSm76L/5BdMz9X4m8PjZfIeef4oL/YW2+mRylI+ln3lmAQs7wdEZheARq/0UMzWcXSLyqA=="
    }
  }
}
