{
  "name": "http-server-editor",
  "version": "1.0.17",
  "lockfileVersion": 1,
  "requires": true,
  "dependencies": {
    "sketch-n-sketch": {
      "version": "1.1.5",
      "resolved": "https://registry.npmjs.org/sketch-n-sketch/-/sketch-n-sketch-1.1.5.tgz",
      "integrity": "sha512-UnjO0Nh6SBstf5efDOeD1IlzLhYY5Cn+Oh4OOvv+l6x1ntasWGm5i/8isEpg+g5Io1vrzQWHTtWJCoP2pjXMwA=="
    }
  }
}
