{
  "name": "http-server-editor",
  "version": "1.0.7",
  "lockfileVersion": 1,
  "requires": true,
  "dependencies": {
    "sketch-n-sketch": {
      "version": "1.0.25",
      "resolved": "https://registry.npmjs.org/sketch-n-sketch/-/sketch-n-sketch-1.0.25.tgz",
      "integrity": "sha512-xz2O7pu3IyS0AT+o1vZMxbpj+kMcOuYKmHHg6MT6wdHR2w8a32EMJBrjsTPCCEOr5WpqzmLeuumIdqRAVBnCyg=="
    }
  }
}
